
Microsoft Visual Studio Solution File, Format Version 12.00
# Visual Studio 15
VisualStudioVersion = 15.0.28010.2050
MinimumVisualStudioVersion = 10.0.40219.1
Project("{8BC9CEB8-8B4A-11D0-8D11-00A0C91BC942}") = "TestVectorAddition", "TestVectorAddition\TestVectorAddition.vcxproj", "{1D542A6D-887E-4654-9798-22015066E240}"
EndProject
Project("{8BC9CEB8-8B4A-11D0-8D11-00A0C91BC942}") = "TestOpenGL", "TestOpenGL\TestOpenGL.vcxproj", "{562FA236-1BA8-4769-AA6F-5634BDE9EAB9}"
EndProject
Project("{2150E333-8FDC-42A3-9474-1A3956D46DE8}") = "third-party", "third-party", "{FF5ADA67-766F-4CC0-B669-5E697537A79C}"
EndProject
Project("{8BC9CEB8-8B4A-11D0-8D11-00A0C91BC942}") = "freeglut", "third-party\freeglut\freeglut.vcxproj", "{980BB1E1-6757-47C8-9C2A-323AC3A199F2}"
EndProject
Project("{8BC9CEB8-8B4A-11D0-8D11-00A0C91BC942}") = "glew", "third-party\glew\glew.vcxproj", "{69C05666-4E44-4DA6-BDB4-058BAC0A4B2B}"
EndProject
Project("{8BC9CEB8-8B4A-11D0-8D11-00A0C91BC942}") = "StaticElectricField", "StaticElectricField\StaticElectricField.vcxproj", "{BE3FC7B8-3440-47B4-8CF6-593E28A74C25}"
EndProject
Project("{8BC9CEB8-8B4A-11D0-8D11-00A0C91BC942}") = "TestInterop", "TestInterop\TestInterop.vcxproj", "{3D353F38-78D8-41EF-A99D-35CB163FECE4}"
EndProject
Project("{8BC9CEB8-8B4A-11D0-8D11-00A0C91BC942}") = "SimpleRayTracer", "SimpleRayTracer\SimpleRayTracer.vcxproj", "{533C2CE5-808D-42B4-BF06-944559CC3E99}"
EndProject
Project("{8BC9CEB8-8B4A-11D0-8D11-00A0C91BC942}") = "IdealGasSimulation", "IdealGasSimulation\IdealGasSimulation.vcxproj", "{38804A48-652A-4C03-9C2F-2237ED237E02}"
EndProject
Project("{8BC9CEB8-8B4A-11D0-8D11-00A0C91BC942}") = "ElasticParticlesModel", "ElasticParticlesModel\ElasticParticlesModel.vcxproj", "{5563DAD8-697A-4734-A4E7-234B59A5B70D}"
EndProject
Project("{8BC9CEB8-8B4A-11D0-8D11-00A0C91BC942}") = "ParticlesOffline", "ParticlesOffline\ParticlesOffline.vcxproj", "{FE936EDE-0762-457E-B521-D79F65F0A5F1}"
EndProject
Project("{8BC9CEB8-8B4A-11D0-8D11-00A0C91BC942}") = "AdvancedReduction", "AdvancedReduction\AdvancedReduction.vcxproj", "{1C6353B8-1F90-4CEF-A387-96C7B23FB8F3}"
EndProject
Project("{8BC9CEB8-8B4A-11D0-8D11-00A0C91BC942}") = "DiscreteElementModel", "DiscreteElementModel\DiscreteElementModel.vcxproj", "{307DBB61-7C31-4644-A901-B61224E16F6E}"
EndProject
Project("{8BC9CEB8-8B4A-11D0-8D11-00A0C91BC942}") = "ParticleBasedSimulation", "ParticleBasedSimulation\ParticleBasedSimulation.vcxproj", "{929F49EB-B16A-4448-9AD4-CE229C6B969E}"
EndProject
Global
	GlobalSection(SolutionConfigurationPlatforms) = preSolution
		Debug|x64 = Debug|x64
		Debug|x86 = Debug|x86
		Release|x64 = Release|x64
		Release|x86 = Release|x86
	EndGlobalSection
	GlobalSection(ProjectConfigurationPlatforms) = postSolution
		{1D542A6D-887E-4654-9798-22015066E240}.Debug|x64.ActiveCfg = Debug|x64
		{1D542A6D-887E-4654-9798-22015066E240}.Debug|x64.Build.0 = Debug|x64
		{1D542A6D-887E-4654-9798-22015066E240}.Debug|x86.ActiveCfg = Debug|x64
		{1D542A6D-887E-4654-9798-22015066E240}.Release|x64.ActiveCfg = Release|x64
		{1D542A6D-887E-4654-9798-22015066E240}.Release|x64.Build.0 = Release|x64
		{1D542A6D-887E-4654-9798-22015066E240}.Release|x86.ActiveCfg = Release|x64
		{562FA236-1BA8-4769-AA6F-5634BDE9EAB9}.Debug|x64.ActiveCfg = Debug|x64
		{562FA236-1BA8-4769-AA6F-5634BDE9EAB9}.Debug|x64.Build.0 = Debug|x64
		{562FA236-1BA8-4769-AA6F-5634BDE9EAB9}.Debug|x86.ActiveCfg = Debug|Win32
		{562FA236-1BA8-4769-AA6F-5634BDE9EAB9}.Debug|x86.Build.0 = Debug|Win32
		{562FA236-1BA8-4769-AA6F-5634BDE9EAB9}.Release|x64.ActiveCfg = Release|x64
		{562FA236-1BA8-4769-AA6F-5634BDE9EAB9}.Release|x64.Build.0 = Release|x64
		{562FA236-1BA8-4769-AA6F-5634BDE9EAB9}.Release|x86.ActiveCfg = Release|Win32
		{562FA236-1BA8-4769-AA6F-5634BDE9EAB9}.Release|x86.Build.0 = Release|Win32
		{980BB1E1-6757-47C8-9C2A-323AC3A199F2}.Debug|x64.ActiveCfg = Debug|x64
		{980BB1E1-6757-47C8-9C2A-323AC3A199F2}.Debug|x64.Build.0 = Debug|x64
		{980BB1E1-6757-47C8-9C2A-323AC3A199F2}.Debug|x86.ActiveCfg = Debug|Win32
		{980BB1E1-6757-47C8-9C2A-323AC3A199F2}.Debug|x86.Build.0 = Debug|Win32
		{980BB1E1-6757-47C8-9C2A-323AC3A199F2}.Release|x64.ActiveCfg = Release|x64
		{980BB1E1-6757-47C8-9C2A-323AC3A199F2}.Release|x64.Build.0 = Release|x64
		{980BB1E1-6757-47C8-9C2A-323AC3A199F2}.Release|x86.ActiveCfg = Release|Win32
		{980BB1E1-6757-47C8-9C2A-323AC3A199F2}.Release|x86.Build.0 = Release|Win32
		{69C05666-4E44-4DA6-BDB4-058BAC0A4B2B}.Debug|x64.ActiveCfg = Debug|x64
		{69C05666-4E44-4DA6-BDB4-058BAC0A4B2B}.Debug|x64.Build.0 = Debug|x64
		{69C05666-4E44-4DA6-BDB4-058BAC0A4B2B}.Debug|x86.ActiveCfg = Debug|Win32
		{69C05666-4E44-4DA6-BDB4-058BAC0A4B2B}.Debug|x86.Build.0 = Debug|Win32
		{69C05666-4E44-4DA6-BDB4-058BAC0A4B2B}.Release|x64.ActiveCfg = Release|x64
		{69C05666-4E44-4DA6-BDB4-058BAC0A4B2B}.Release|x64.Build.0 = Release|x64
		{69C05666-4E44-4DA6-BDB4-058BAC0A4B2B}.Release|x86.ActiveCfg = Release|Win32
		{69C05666-4E44-4DA6-BDB4-058BAC0A4B2B}.Release|x86.Build.0 = Release|Win32
		{BE3FC7B8-3440-47B4-8CF6-593E28A74C25}.Debug|x64.ActiveCfg = Debug|x64
		{BE3FC7B8-3440-47B4-8CF6-593E28A74C25}.Debug|x64.Build.0 = Debug|x64
		{BE3FC7B8-3440-47B4-8CF6-593E28A74C25}.Debug|x86.ActiveCfg = Debug|x64
		{BE3FC7B8-3440-47B4-8CF6-593E28A74C25}.Release|x64.ActiveCfg = Release|x64
		{BE3FC7B8-3440-47B4-8CF6-593E28A74C25}.Release|x64.Build.0 = Release|x64
		{BE3FC7B8-3440-47B4-8CF6-593E28A74C25}.Release|x86.ActiveCfg = Release|x64
		{3D353F38-78D8-41EF-A99D-35CB163FECE4}.Debug|x64.ActiveCfg = Debug|x64
		{3D353F38-78D8-41EF-A99D-35CB163FECE4}.Debug|x64.Build.0 = Debug|x64
		{3D353F38-78D8-41EF-A99D-35CB163FECE4}.Debug|x86.ActiveCfg = Debug|x64
		{3D353F38-78D8-41EF-A99D-35CB163FECE4}.Release|x64.ActiveCfg = Release|x64
		{3D353F38-78D8-41EF-A99D-35CB163FECE4}.Release|x64.Build.0 = Release|x64
		{3D353F38-78D8-41EF-A99D-35CB163FECE4}.Release|x86.ActiveCfg = Release|x64
		{533C2CE5-808D-42B4-BF06-944559CC3E99}.Debug|x64.ActiveCfg = Debug|x64
		{533C2CE5-808D-42B4-BF06-944559CC3E99}.Debug|x64.Build.0 = Debug|x64
		{533C2CE5-808D-42B4-BF06-944559CC3E99}.Debug|x86.ActiveCfg = Debug|x64
		{533C2CE5-808D-42B4-BF06-944559CC3E99}.Release|x64.ActiveCfg = Release|x64
		{533C2CE5-808D-42B4-BF06-944559CC3E99}.Release|x64.Build.0 = Release|x64
		{533C2CE5-808D-42B4-BF06-944559CC3E99}.Release|x86.ActiveCfg = Release|x64
		{38804A48-652A-4C03-9C2F-2237ED237E02}.Debug|x64.ActiveCfg = Debug|x64
		{38804A48-652A-4C03-9C2F-2237ED237E02}.Debug|x64.Build.0 = Debug|x64
		{38804A48-652A-4C03-9C2F-2237ED237E02}.Debug|x86.ActiveCfg = Debug|x64
		{38804A48-652A-4C03-9C2F-2237ED237E02}.Release|x64.ActiveCfg = Release|x64
		{38804A48-652A-4C03-9C2F-2237ED237E02}.Release|x64.Build.0 = Release|x64
		{38804A48-652A-4C03-9C2F-2237ED237E02}.Release|x86.ActiveCfg = Release|x64
		{5563DAD8-697A-4734-A4E7-234B59A5B70D}.Debug|x64.ActiveCfg = Debug|x64
		{5563DAD8-697A-4734-A4E7-234B59A5B70D}.Debug|x64.Build.0 = Debug|x64
		{5563DAD8-697A-4734-A4E7-234B59A5B70D}.Debug|x86.ActiveCfg = Debug|x64
		{5563DAD8-697A-4734-A4E7-234B59A5B70D}.Release|x64.ActiveCfg = Release|x64
		{5563DAD8-697A-4734-A4E7-234B59A5B70D}.Release|x64.Build.0 = Release|x64
		{5563DAD8-697A-4734-A4E7-234B59A5B70D}.Release|x86.ActiveCfg = Release|x64
		{FE936EDE-0762-457E-B521-D79F65F0A5F1}.Debug|x64.ActiveCfg = Debug|x64
		{FE936EDE-0762-457E-B521-D79F65F0A5F1}.Debug|x64.Build.0 = Debug|x64
		{FE936EDE-0762-457E-B521-D79F65F0A5F1}.Debug|x86.ActiveCfg = Debug|x64
		{FE936EDE-0762-457E-B521-D79F65F0A5F1}.Release|x64.ActiveCfg = Release|x64
		{FE936EDE-0762-457E-B521-D79F65F0A5F1}.Release|x64.Build.0 = Release|x64
		{FE936EDE-0762-457E-B521-D79F65F0A5F1}.Release|x86.ActiveCfg = Release|x64
		{1C6353B8-1F90-4CEF-A387-96C7B23FB8F3}.Debug|x64.ActiveCfg = Debug|x64
		{1C6353B8-1F90-4CEF-A387-96C7B23FB8F3}.Debug|x64.Build.0 = Debug|x64
		{1C6353B8-1F90-4CEF-A387-96C7B23FB8F3}.Debug|x86.ActiveCfg = Debug|x64
		{1C6353B8-1F90-4CEF-A387-96C7B23FB8F3}.Release|x64.ActiveCfg = Release|x64
		{1C6353B8-1F90-4CEF-A387-96C7B23FB8F3}.Release|x64.Build.0 = Release|x64
		{1C6353B8-1F90-4CEF-A387-96C7B23FB8F3}.Release|x86.ActiveCfg = Release|x64
		{307DBB61-7C31-4644-A901-B61224E16F6E}.Debug|x64.ActiveCfg = Debug|x64
		{307DBB61-7C31-4644-A901-B61224E16F6E}.Debug|x64.Build.0 = Debug|x64
		{307DBB61-7C31-4644-A901-B61224E16F6E}.Debug|x86.ActiveCfg = Debug|x64
		{307DBB61-7C31-4644-A901-B61224E16F6E}.Release|x64.ActiveCfg = Release|x64
		{307DBB61-7C31-4644-A901-B61224E16F6E}.Release|x64.Build.0 = Release|x64
		{307DBB61-7C31-4644-A901-B61224E16F6E}.Release|x86.ActiveCfg = Release|x64
		{929F49EB-B16A-4448-9AD4-CE229C6B969E}.Debug|x64.ActiveCfg = Debug|x64
		{929F49EB-B16A-4448-9AD4-CE229C6B969E}.Debug|x64.Build.0 = Debug|x64
		{929F49EB-B16A-4448-9AD4-CE229C6B969E}.Debug|x86.ActiveCfg = Debug|x64
		{929F49EB-B16A-4448-9AD4-CE229C6B969E}.Release|x64.ActiveCfg = Release|x64
		{929F49EB-B16A-4448-9AD4-CE229C6B969E}.Release|x64.Build.0 = Release|x64
		{929F49EB-B16A-4448-9AD4-CE229C6B969E}.Release|x86.ActiveCfg = Release|x64
	EndGlobalSection
	GlobalSection(SolutionProperties) = preSolution
		HideSolutionNode = FALSE
	EndGlobalSection
	GlobalSection(NestedProjects) = preSolution
		{980BB1E1-6757-47C8-9C2A-323AC3A199F2} = {FF5ADA67-766F-4CC0-B669-5E697537A79C}
		{69C05666-4E44-4DA6-BDB4-058BAC0A4B2B} = {FF5ADA67-766F-4CC0-B669-5E697537A79C}
	EndGlobalSection
	GlobalSection(ExtensibilityGlobals) = postSolution
		SolutionGuid = {2E14C16A-5C0D-404F-BBD4-7DD0C51A0787}
	EndGlobalSection
EndGlobal
